// !$*UTF8*$!
{
	archiveVersion = 1;
	classes = {
	};
	objectVersion = 56;
	objects = {

/* Begin PBXBuildFile section */
		FD5DF1352B8992C50048EE1B /* FavDogApp.swift in Sources */ = {isa = PBXBuildFile; fileRef = FD5DF1342B8992C50048EE1B /* FavDogApp.swift */; };
		FD5DF1372B8992C50048EE1B /* ContentView.swift in Sources */ = {isa = PBXBuildFile; fileRef = FD5DF1362B8992C50048EE1B /* ContentView.swift */; };
		FD5DF1392B8992C70048EE1B /* Assets.xcassets in Resources */ = {isa = PBXBuildFile; fileRef = FD5DF1382B8992C70048EE1B /* Assets.xcassets */; };
		FD5DF13C2B8992C70048EE1B /* Preview Assets.xcassets in Resources */ = {isa = PBXBuildFile; fileRef = FD5DF13B2B8992C70048EE1B /* Preview Assets.xcassets */; };
		FD5DF1642B89A92C0048EE1B /* DogImage.swift in Sources */ = {isa = PBXBuildFile; fileRef = FD5DF1632B89A92C0048EE1B /* DogImage.swift */; };
		FD5DF1662B89A9530048EE1B /* PersistenceService.swift in Sources */ = {isa = PBXBuildFile; fileRef = FD5DF1652B89A9530048EE1B /* PersistenceService.swift */; };
		FD5DF1682B89A98A0048EE1B /* DogViewModel.swift in Sources */ = {isa = PBXBuildFile; fileRef = FD5DF1672B89A98A0048EE1B /* DogViewModel.swift */; };
		FD5DF16A2B89A9AB0048EE1B /* NetworkService.swift in Sources */ = {isa = PBXBuildFile; fileRef = FD5DF1692B89A9AB0048EE1B /* NetworkService.swift */; };
		FD5DF16D2B89AF2D0048EE1B /* UIViewController + Extension.swift in Sources */ = {isa = PBXBuildFile; fileRef = FD5DF16C2B89AF2D0048EE1B /* UIViewController + Extension.swift */; };
		FD7AC7CB2B8DBFA70085CFEA /* AsyncImageView.swift in Sources */ = {isa = PBXBuildFile; fileRef = FD7AC7CA2B8DBFA70085CFEA /* AsyncImageView.swift */; };
		FD7AC7CD2B8DC0010085CFEA /* BreedSelectionView.swift in Sources */ = {isa = PBXBuildFile; fileRef = FD7AC7CC2B8DC0010085CFEA /* BreedSelectionView.swift */; };
		FD7AC7CF2B8DC0270085CFEA /* SearchBar.swift in Sources */ = {isa = PBXBuildFile; fileRef = FD7AC7CE2B8DC0270085CFEA /* SearchBar.swift */; };
		FD7AC7D12B8DC0AE0085CFEA /* PersistenceServiceTests.swift in Sources */ = {isa = PBXBuildFile; fileRef = FD7AC7D02B8DC0AE0085CFEA /* PersistenceServiceTests.swift */; };
		FD7AC7D32B8DC1770085CFEA /* DogViewModelTests.swift in Sources */ = {isa = PBXBuildFile; fileRef = FD7AC7D22B8DC1770085CFEA /* DogViewModelTests.swift */; };
		FD7AC7D72B8DC8800085CFEA /* MockPersistenceService.swift in Sources */ = {isa = PBXBuildFile; fileRef = FD7AC7D62B8DC8800085CFEA /* MockPersistenceService.swift */; };
		FD7AC7D92B8DC8B70085CFEA /* MockNetworkService.swift in Sources */ = {isa = PBXBuildFile; fileRef = FD7AC7D82B8DC8B70085CFEA /* MockNetworkService.swift */; };
		FD7AC7DB2B8DCA980085CFEA /* NetworkServiceTests.swift in Sources */ = {isa = PBXBuildFile; fileRef = FD7AC7DA2B8DCA980085CFEA /* NetworkServiceTests.swift */; };
		FD7AC7E22B8DE4D30085CFEA /* MockURLProtocol.swift in Sources */ = {isa = PBXBuildFile; fileRef = FD7AC7DD2B8DE4810085CFEA /* MockURLProtocol.swift */; };
		FD7AC7EA2B8E0DC80085CFEA /* AppTestExtension in Resources */ = {isa = PBXBuildFile; fileRef = FD7AC7E92B8E0DC70085CFEA /* AppTestExtension */; };
/* End PBXBuildFile section */

/* Begin PBXContainerItemProxy section */
		FD5DF1422B8992C70048EE1B /* PBXContainerItemProxy */ = {
			isa = PBXContainerItemProxy;
			containerPortal = FD5DF1292B8992C40048EE1B /* Project object */;
			proxyType = 1;
			remoteGlobalIDString = FD5DF1302B8992C40048EE1B;
			remoteInfo = FavDog;
		};
/* End PBXContainerItemProxy section */

/* Begin PBXFileReference section */
		FD5DF1312B8992C40048EE1B /* FavDog.app */ = {isa = PBXFileReference; explicitFileType = wrapper.application; includeInIndex = 0; path = FavDog.app; sourceTree = BUILT_PRODUCTS_DIR; };
		FD5DF1342B8992C50048EE1B /* FavDogApp.swift */ = {isa = PBXFileReference; lastKnownFileType = sourcecode.swift; path = FavDogApp.swift; sourceTree = "<group>"; };
		FD5DF1362B8992C50048EE1B /* ContentView.swift */ = {isa = PBXFileReference; lastKnownFileType = sourcecode.swift; path = ContentView.swift; sourceTree = "<group>"; };
		FD5DF1382B8992C70048EE1B /* Assets.xcassets */ = {isa = PBXFileReference; lastKnownFileType = folder.assetcatalog; path = Assets.xcassets; sourceTree = "<group>"; };
		FD5DF13B2B8992C70048EE1B /* Preview Assets.xcassets */ = {isa = PBXFileReference; lastKnownFileType = folder.assetcatalog; path = "Preview Assets.xcassets"; sourceTree = "<group>"; };
		FD5DF1412B8992C70048EE1B /* FavDogTests.xctest */ = {isa = PBXFileReference; explicitFileType = wrapper.cfbundle; includeInIndex = 0; path = FavDogTests.xctest; sourceTree = BUILT_PRODUCTS_DIR; };
		FD5DF1632B89A92C0048EE1B /* DogImage.swift */ = {isa = PBXFileReference; fileEncoding = 4; lastKnownFileType = sourcecode.swift; path = DogImage.swift; sourceTree = "<group>"; };
		FD5DF1652B89A9530048EE1B /* PersistenceService.swift */ = {isa = PBXFileReference; fileEncoding = 4; lastKnownFileType = sourcecode.swift; path = PersistenceService.swift; sourceTree = "<group>"; };
		FD5DF1672B89A98A0048EE1B /* DogViewModel.swift */ = {isa = PBXFileReference; fileEncoding = 4; lastKnownFileType = sourcecode.swift; path = DogViewModel.swift; sourceTree = "<group>"; };
		FD5DF1692B89A9AB0048EE1B /* NetworkService.swift */ = {isa = PBXFileReference; fileEncoding = 4; lastKnownFileType = sourcecode.swift; path = NetworkService.swift; sourceTree = "<group>"; };
		FD5DF16C2B89AF2D0048EE1B /* UIViewController + Extension.swift */ = {isa = PBXFileReference; lastKnownFileType = sourcecode.swift; path = "UIViewController + Extension.swift"; sourceTree = "<group>"; };
		FD7AC7CA2B8DBFA70085CFEA /* AsyncImageView.swift */ = {isa = PBXFileReference; lastKnownFileType = sourcecode.swift; path = AsyncImageView.swift; sourceTree = "<group>"; };
		FD7AC7CC2B8DC0010085CFEA /* BreedSelectionView.swift */ = {isa = PBXFileReference; lastKnownFileType = sourcecode.swift; path = BreedSelectionView.swift; sourceTree = "<group>"; };
		FD7AC7CE2B8DC0270085CFEA /* SearchBar.swift */ = {isa = PBXFileReference; lastKnownFileType = sourcecode.swift; path = SearchBar.swift; sourceTree = "<group>"; };
		FD7AC7D02B8DC0AE0085CFEA /* PersistenceServiceTests.swift */ = {isa = PBXFileReference; lastKnownFileType = sourcecode.swift; path = PersistenceServiceTests.swift; sourceTree = "<group>"; };
		FD7AC7D22B8DC1770085CFEA /* DogViewModelTests.swift */ = {isa = PBXFileReference; lastKnownFileType = sourcecode.swift; path = DogViewModelTests.swift; sourceTree = "<group>"; };
		FD7AC7D62B8DC8800085CFEA /* MockPersistenceService.swift */ = {isa = PBXFileReference; lastKnownFileType = sourcecode.swift; path = MockPersistenceService.swift; sourceTree = "<group>"; };
		FD7AC7D82B8DC8B70085CFEA /* MockNetworkService.swift */ = {isa = PBXFileReference; lastKnownFileType = sourcecode.swift; path = MockNetworkService.swift; sourceTree = "<group>"; };
		FD7AC7DA2B8DCA980085CFEA /* NetworkServiceTests.swift */ = {isa = PBXFileReference; lastKnownFileType = sourcecode.swift; path = NetworkServiceTests.swift; sourceTree = "<group>"; };
		FD7AC7DD2B8DE4810085CFEA /* MockURLProtocol.swift */ = {isa = PBXFileReference; lastKnownFileType = sourcecode.swift; path = MockURLProtocol.swift; sourceTree = "<group>"; };
		FD7AC7E92B8E0DC70085CFEA /* AppTestExtension */ = {isa = PBXFileReference; lastKnownFileType = folder; path = AppTestExtension; sourceTree = "<group>"; };
/* End PBXFileReference section */

/* Begin PBXFrameworksBuildPhase section */
		FD5DF12E2B8992C40048EE1B /* Frameworks */ = {
			isa = PBXFrameworksBuildPhase;
			buildActionMask = 2147483647;
			files = (
			);
			runOnlyForDeploymentPostprocessing = 0;
		};
		FD5DF13E2B8992C70048EE1B /* Frameworks */ = {
			isa = PBXFrameworksBuildPhase;
			buildActionMask = 2147483647;
			files = (
			);
			runOnlyForDeploymentPostprocessing = 0;
		};
/* End PBXFrameworksBuildPhase section */

/* Begin PBXGroup section */
		FD5DF1282B8992C40048EE1B = {
			isa = PBXGroup;
			children = (
				FD5DF1332B8992C40048EE1B /* FavDog */,
				FD5DF1442B8992C70048EE1B /* FavDogTests */,
				FD5DF1322B8992C40048EE1B /* Products */,
			);
			sourceTree = "<group>";
		};
		FD5DF1322B8992C40048EE1B /* Products */ = {
			isa = PBXGroup;
			children = (
				FD5DF1312B8992C40048EE1B /* FavDog.app */,
				FD5DF1412B8992C70048EE1B /* FavDogTests.xctest */,
			);
			name = Products;
			sourceTree = "<group>";
		};
		FD5DF1332B8992C40048EE1B /* FavDog */ = {
			isa = PBXGroup;
			children = (
				FD5DF15E2B89A8ED0048EE1B /* Model */,
				FD5DF15F2B89A8F50048EE1B /* View */,
				FD5DF1602B89A8FB0048EE1B /* ViewModel */,
				FD5DF1622B89A90B0048EE1B /* NetworkLayer */,
				FD5DF1612B89A9030048EE1B /* DataLayer */,
				FD5DF16B2B89AF0A0048EE1B /* Utils */,
				FD7AC7DC2B8DD6D80085CFEA /* Other */,
				FD5DF13A2B8992C70048EE1B /* Preview Content */,
			);
			path = FavDog;
			sourceTree = "<group>";
		};
		FD5DF13A2B8992C70048EE1B /* Preview Content */ = {
			isa = PBXGroup;
			children = (
				FD5DF13B2B8992C70048EE1B /* Preview Assets.xcassets */,
			);
			path = "Preview Content";
			sourceTree = "<group>";
		};
		FD5DF1442B8992C70048EE1B /* FavDogTests */ = {
			isa = PBXGroup;
			children = (
				FD7AC7DF2B8DE4AE0085CFEA /* DataLayer */,
				FD7AC7E02B8DE4BA0085CFEA /* ViewModel */,
				FD7AC7E92B8E0DC70085CFEA /* AppTestExtension */,
				FD7AC7E12B8DE4C50085CFEA /* NetworkLayer */,
			);
			path = FavDogTests;
			sourceTree = "<group>";
		};
		FD5DF15E2B89A8ED0048EE1B /* Model */ = {
			isa = PBXGroup;
			children = (
				FD5DF1632B89A92C0048EE1B /* DogImage.swift */,
			);
			path = Model;
			sourceTree = "<group>";
		};
		FD5DF15F2B89A8F50048EE1B /* View */ = {
			isa = PBXGroup;
			children = (
				FD5DF1362B8992C50048EE1B /* ContentView.swift */,
				FD7AC7CE2B8DC0270085CFEA /* SearchBar.swift */,
				FD7AC7CA2B8DBFA70085CFEA /* AsyncImageView.swift */,
				FD7AC7CC2B8DC0010085CFEA /* BreedSelectionView.swift */,
			);
			path = View;
			sourceTree = "<group>";
		};
		FD5DF1602B89A8FB0048EE1B /* ViewModel */ = {
			isa = PBXGroup;
			children = (
				FD5DF1672B89A98A0048EE1B /* DogViewModel.swift */,
			);
			path = ViewModel;
			sourceTree = "<group>";
		};
		FD5DF1612B89A9030048EE1B /* DataLayer */ = {
			isa = PBXGroup;
			children = (
				FD5DF1652B89A9530048EE1B /* PersistenceService.swift */,
				FD7AC7D62B8DC8800085CFEA /* MockPersistenceService.swift */,
			);
			path = DataLayer;
			sourceTree = "<group>";
		};
		FD5DF1622B89A90B0048EE1B /* NetworkLayer */ = {
			isa = PBXGroup;
			children = (
				FD5DF1692B89A9AB0048EE1B /* NetworkService.swift */,
				FD7AC7D82B8DC8B70085CFEA /* MockNetworkService.swift */,
			);
			path = NetworkLayer;
			sourceTree = "<group>";
		};
		FD5DF16B2B89AF0A0048EE1B /* Utils */ = {
			isa = PBXGroup;
			children = (
				FD5DF16C2B89AF2D0048EE1B /* UIViewController + Extension.swift */,
			);
			path = Utils;
			sourceTree = "<group>";
		};
		FD7AC7DC2B8DD6D80085CFEA /* Other */ = {
			isa = PBXGroup;
			children = (
				FD5DF1382B8992C70048EE1B /* Assets.xcassets */,
				FD5DF1342B8992C50048EE1B /* FavDogApp.swift */,
			);
			path = Other;
			sourceTree = "<group>";
		};
		FD7AC7DF2B8DE4AE0085CFEA /* DataLayer */ = {
			isa = PBXGroup;
			children = (
				FD7AC7D02B8DC0AE0085CFEA /* PersistenceServiceTests.swift */,
			);
			path = DataLayer;
			sourceTree = "<group>";
		};
		FD7AC7E02B8DE4BA0085CFEA /* ViewModel */ = {
			isa = PBXGroup;
			children = (
				FD7AC7D22B8DC1770085CFEA /* DogViewModelTests.swift */,
			);
			path = ViewModel;
			sourceTree = "<group>";
		};
		FD7AC7E12B8DE4C50085CFEA /* NetworkLayer */ = {
			isa = PBXGroup;
			children = (
				FD7AC7DA2B8DCA980085CFEA /* NetworkServiceTests.swift */,
				FD7AC7DD2B8DE4810085CFEA /* MockURLProtocol.swift */,
			);
			path = NetworkLayer;
			sourceTree = "<group>";
		};
/* End PBXGroup section */

/* Begin PBXNativeTarget section */
		FD5DF1302B8992C40048EE1B /* FavDog */ = {
			isa = PBXNativeTarget;
			buildConfigurationList = FD5DF1552B8992C70048EE1B /* Build configuration list for PBXNativeTarget "FavDog" */;
			buildPhases = (
				FD5DF12D2B8992C40048EE1B /* Sources */,
				FD5DF12E2B8992C40048EE1B /* Frameworks */,
				FD5DF12F2B8992C40048EE1B /* Resources */,
			);
			buildRules = (
			);
			dependencies = (
			);
			name = FavDog;
			productName = FavDog;
			productReference = FD5DF1312B8992C40048EE1B /* FavDog.app */;
			productType = "com.apple.product-type.application";
		};
		FD5DF1402B8992C70048EE1B /* FavDogTests */ = {
			isa = PBXNativeTarget;
			buildConfigurationList = FD5DF1582B8992C70048EE1B /* Build configuration list for PBXNativeTarget "FavDogTests" */;
			buildPhases = (
				FD5DF13D2B8992C70048EE1B /* Sources */,
				FD5DF13E2B8992C70048EE1B /* Frameworks */,
				FD5DF13F2B8992C70048EE1B /* Resources */,
			);
			buildRules = (
			);
			dependencies = (
				FD5DF1432B8992C70048EE1B /* PBXTargetDependency */,
			);
			name = FavDogTests;
			productName = FavDogTests;
			productReference = FD5DF1412B8992C70048EE1B /* FavDogTests.xctest */;
			productType = "com.apple.product-type.bundle.unit-test";
		};
/* End PBXNativeTarget section */

/* Begin PBXProject section */
		FD5DF1292B8992C40048EE1B /* Project object */ = {
			isa = PBXProject;
			attributes = {
				BuildIndependentTargetsInParallel = 1;
				LastSwiftUpdateCheck = 1520;
				LastUpgradeCheck = 1520;
				TargetAttributes = {
					FD5DF1302B8992C40048EE1B = {
						CreatedOnToolsVersion = 15.2;
					};
					FD5DF1402B8992C70048EE1B = {
						CreatedOnToolsVersion = 15.2;
						TestTargetID = FD5DF1302B8992C40048EE1B;
					};
				};
			};
			buildConfigurationList = FD5DF12C2B8992C40048EE1B /* Build configuration list for PBXProject "FavDog" */;
			compatibilityVersion = "Xcode 14.0";
			developmentRegion = en;
			hasScannedForEncodings = 0;
			knownRegions = (
				en,
				Base,
			);
			mainGroup = FD5DF1282B8992C40048EE1B;
			productRefGroup = FD5DF1322B8992C40048EE1B /* Products */;
			projectDirPath = "";
			projectRoot = "";
			targets = (
				FD5DF1302B8992C40048EE1B /* FavDog */,
				FD5DF1402B8992C70048EE1B /* FavDogTests */,
			);
		};
/* End PBXProject section */

/* Begin PBXResourcesBuildPhase section */
		FD5DF12F2B8992C40048EE1B /* Resources */ = {
			isa = PBXResourcesBuildPhase;
			buildActionMask = 2147483647;
			files = (
				FD5DF13C2B8992C70048EE1B /* Preview Assets.xcassets in Resources */,
				FD5DF1392B8992C70048EE1B /* Assets.xcassets in Resources */,
			);
			runOnlyForDeploymentPostprocessing = 0;
		};
		FD5DF13F2B8992C70048EE1B /* Resources */ = {
			isa = PBXResourcesBuildPhase;
			buildActionMask = 2147483647;
			files = (
				FD7AC7EA2B8E0DC80085CFEA /* AppTestExtension in Resources */,
			);
			runOnlyForDeploymentPostprocessing = 0;
		};
/* End PBXResourcesBuildPhase section */

/* Begin PBXSourcesBuildPhase section */
		FD5DF12D2B8992C40048EE1B /* Sources */ = {
			isa = PBXSourcesBuildPhase;
			buildActionMask = 2147483647;
			files = (
				FD7AC7D92B8DC8B70085CFEA /* MockNetworkService.swift in Sources */,
				FD5DF1372B8992C50048EE1B /* ContentView.swift in Sources */,
				FD5DF1662B89A9530048EE1B /* PersistenceService.swift in Sources */,
				FD5DF1682B89A98A0048EE1B /* DogViewModel.swift in Sources */,
				FD7AC7CD2B8DC0010085CFEA /* BreedSelectionView.swift in Sources */,
				FD7AC7CB2B8DBFA70085CFEA /* AsyncImageView.swift in Sources */,
				FD5DF16D2B89AF2D0048EE1B /* UIViewController + Extension.swift in Sources */,
				FD7AC7D72B8DC8800085CFEA /* MockPersistenceService.swift in Sources */,
				FD5DF1642B89A92C0048EE1B /* DogImage.swift in Sources */,
				FD7AC7CF2B8DC0270085CFEA /* SearchBar.swift in Sources */,
				FD5DF16A2B89A9AB0048EE1B /* NetworkService.swift in Sources */,
				FD5DF1352B8992C50048EE1B /* FavDogApp.swift in Sources */,
			);
			runOnlyForDeploymentPostprocessing = 0;
		};
		FD5DF13D2B8992C70048EE1B /* Sources */ = {
			isa = PBXSourcesBuildPhase;
			buildActionMask = 2147483647;
			files = (
				FD7AC7D32B8DC1770085CFEA /* DogViewModelTests.swift in Sources */,
				FD7AC7DB2B8DCA980085CFEA /* NetworkServiceTests.swift in Sources */,
				FD7AC7D12B8DC0AE0085CFEA /* PersistenceServiceTests.swift in Sources */,
				FD7AC7E22B8DE4D30085CFEA /* MockURLProtocol.swift in Sources */,
			);
			runOnlyForDeploymentPostprocessing = 0;
		};
/* End PBXSourcesBuildPhase section */

/* Begin PBXTargetDependency section */
		FD5DF1432B8992C70048EE1B /* PBXTargetDependency */ = {
			isa = PBXTargetDependency;
			target = FD5DF1302B8992C40048EE1B /* FavDog */;
			targetProxy = FD5DF1422B8992C70048EE1B /* PBXContainerItemProxy */;
		};
/* End PBXTargetDependency section */

/* Begin XCBuildConfiguration section */
		FD5DF1532B8992C70048EE1B /* Debug */ = {
			isa = XCBuildConfiguration;
			buildSettings = {
				ALWAYS_SEARCH_USER_PATHS = NO;
				ASSETCATALOG_COMPILER_GENERATE_SWIFT_ASSET_SYMBOL_EXTENSIONS = YES;
				CLANG_ANALYZER_NONNULL = YES;
				CLANG_ANALYZER_NUMBER_OBJECT_CONVERSION = YES_AGGRESSIVE;
				CLANG_CXX_LANGUAGE_STANDARD = "gnu++20";
				CLANG_ENABLE_MODULES = YES;
				CLANG_ENABLE_OBJC_ARC = YES;
				CLANG_ENABLE_OBJC_WEAK = YES;
				CLANG_WARN_BLOCK_CAPTURE_AUTORELEASING = YES;
				CLANG_WARN_BOOL_CONVERSION = YES;
				CLANG_WARN_COMMA = YES;
				CLANG_WARN_CONSTANT_CONVERSION = YES;
				CLANG_WARN_DEPRECATED_OBJC_IMPLEMENTATIONS = YES;
				CLANG_WARN_DIRECT_OBJC_ISA_USAGE = YES_ERROR;
				CLANG_WARN_DOCUMENTATION_COMMENTS = YES;
				CLANG_WARN_EMPTY_BODY = YES;
				CLANG_WARN_ENUM_CONVERSION = YES;
				CLANG_WARN_INFINITE_RECURSION = YES;
				CLANG_WARN_INT_CONVERSION = YES;
				CLANG_WARN_NON_LITERAL_NULL_CONVERSION = YES;
				CLANG_WARN_OBJC_IMPLICIT_RETAIN_SELF = YES;
				CLANG_WARN_OBJC_LITERAL_CONVERSION = YES;
				CLANG_WARN_OBJC_ROOT_CLASS = YES_ERROR;
				CLANG_WARN_QUOTED_INCLUDE_IN_FRAMEWORK_HEADER = YES;
				CLANG_WARN_RANGE_LOOP_ANALYSIS = YES;
				CLANG_WARN_STRICT_PROTOTYPES = YES;
				CLANG_WARN_SUSPICIOUS_MOVE = YES;
				CLANG_WARN_UNGUARDED_AVAILABILITY = YES_AGGRESSIVE;
				CLANG_WARN_UNREACHABLE_CODE = YES;
				CLANG_WARN__DUPLICATE_METHOD_MATCH = YES;
				COPY_PHASE_STRIP = NO;
				DEBUG_INFORMATION_FORMAT = dwarf;
				ENABLE_STRICT_OBJC_MSGSEND = YES;
				ENABLE_TESTABILITY = YES;
				ENABLE_USER_SCRIPT_SANDBOXING = YES;
				GCC_C_LANGUAGE_STANDARD = gnu17;
				GCC_DYNAMIC_NO_PIC = NO;
				GCC_NO_COMMON_BLOCKS = YES;
				GCC_OPTIMIZATION_LEVEL = 0;
				GCC_PREPROCESSOR_DEFINITIONS = (
					"DEBUG=1",
					"$(inherited)",
				);
				GCC_WARN_64_TO_32_BIT_CONVERSION = YES;
				GCC_WARN_ABOUT_RETURN_TYPE = YES_ERROR;
				GCC_WARN_UNDECLARED_SELECTOR = YES;
				GCC_WARN_UNINITIALIZED_AUTOS = YES_AGGRESSIVE;
				GCC_WARN_UNUSED_FUNCTION = YES;
				GCC_WARN_UNUSED_VARIABLE = YES;
				IPHONEOS_DEPLOYMENT_TARGET = 17.2;
				LOCALIZATION_PREFERS_STRING_CATALOGS = YES;
				MTL_ENABLE_DEBUG_INFO = INCLUDE_SOURCE;
				MTL_FAST_MATH = YES;
				ONLY_ACTIVE_ARCH = YES;
				SDKROOT = iphoneos;
				SWIFT_ACTIVE_COMPILATION_CONDITIONS = "DEBUG $(inherited)";
				SWIFT_OPTIMIZATION_LEVEL = "-Onone";
			};
			name = Debug;
		};
		FD5DF1542B8992C70048EE1B /* Release */ = {
			isa = XCBuildConfiguration;
			buildSettings = {
				ALWAYS_SEARCH_USER_PATHS = NO;
				ASSETCATALOG_COMPILER_GENERATE_SWIFT_ASSET_SYMBOL_EXTENSIONS = YES;
				CLANG_ANALYZER_NONNULL = YES;
				CLANG_ANALYZER_NUMBER_OBJECT_CONVERSION = YES_AGGRESSIVE;
				CLANG_CXX_LANGUAGE_STANDARD = "gnu++20";
				CLANG_ENABLE_MODULES = YES;
				CLANG_ENABLE_OBJC_ARC = YES;
				CLANG_ENABLE_OBJC_WEAK = YES;
				CLANG_WARN_BLOCK_CAPTURE_AUTORELEASING = YES;
				CLANG_WARN_BOOL_CONVERSION = YES;
				CLANG_WARN_COMMA = YES;
				CLANG_WARN_CONSTANT_CONVERSION = YES;
				CLANG_WARN_DEPRECATED_OBJC_IMPLEMENTATIONS = YES;
				CLANG_WARN_DIRECT_OBJC_ISA_USAGE = YES_ERROR;
				CLANG_WARN_DOCUMENTATION_COMMENTS = YES;
				CLANG_WARN_EMPTY_BODY = YES;
				CLANG_WARN_ENUM_CONVERSION = YES;
				CLANG_WARN_INFINITE_RECURSION = YES;
				CLANG_WARN_INT_CONVERSION = YES;
				CLANG_WARN_NON_LITERAL_NULL_CONVERSION = YES;
				CLANG_WARN_OBJC_IMPLICIT_RETAIN_SELF = YES;
				CLANG_WARN_OBJC_LITERAL_CONVERSION = YES;
				CLANG_WARN_OBJC_ROOT_CLASS = YES_ERROR;
				CLANG_WARN_QUOTED_INCLUDE_IN_FRAMEWORK_HEADER = YES;
				CLANG_WARN_RANGE_LOOP_ANALYSIS = YES;
				CLANG_WARN_STRICT_PROTOTYPES = YES;
				CLANG_WARN_SUSPICIOUS_MOVE = YES;
				CLANG_WARN_UNGUARDED_AVAILABILITY = YES_AGGRESSIVE;
				CLANG_WARN_UNREACHABLE_CODE = YES;
				CLANG_WARN__DUPLICATE_METHOD_MATCH = YES;
				COPY_PHASE_STRIP = NO;
				DEBUG_INFORMATION_FORMAT = "dwarf-with-dsym";
				ENABLE_NS_ASSERTIONS = NO;
				ENABLE_STRICT_OBJC_MSGSEND = YES;
				ENABLE_USER_SCRIPT_SANDBOXING = YES;
				GCC_C_LANGUAGE_STANDARD = gnu17;
				GCC_NO_COMMON_BLOCKS = YES;
				GCC_WARN_64_TO_32_BIT_CONVERSION = YES;
				GCC_WARN_ABOUT_RETURN_TYPE = YES_ERROR;
				GCC_WARN_UNDECLARED_SELECTOR = YES;
				GCC_WARN_UNINITIALIZED_AUTOS = YES_AGGRESSIVE;
				GCC_WARN_UNUSED_FUNCTION = YES;
				GCC_WARN_UNUSED_VARIABLE = YES;
				IPHONEOS_DEPLOYMENT_TARGET = 17.2;
				LOCALIZATION_PREFERS_STRING_CATALOGS = YES;
				MTL_ENABLE_DEBUG_INFO = NO;
				MTL_FAST_MATH = YES;
				SDKROOT = iphoneos;
				SWIFT_COMPILATION_MODE = wholemodule;
				VALIDATE_PRODUCT = YES;
			};
			name = Release;
		};
		FD5DF1562B8992C70048EE1B /* Debug */ = {
			isa = XCBuildConfiguration;
			buildSettings = {
				ASSETCATALOG_COMPILER_APPICON_NAME = AppIcon;
				ASSETCATALOG_COMPILER_GLOBAL_ACCENT_COLOR_NAME = AccentColor;
				CODE_SIGN_STYLE = Automatic;
				CURRENT_PROJECT_VERSION = 1;
				DEVELOPMENT_ASSET_PATHS = "\"FavDog/Preview Content\"";
				ENABLE_PREVIEWS = YES;
				GENERATE_INFOPLIST_FILE = YES;
				INFOPLIST_KEY_UIApplicationSceneManifest_Generation = YES;
				INFOPLIST_KEY_UIApplicationSupportsIndirectInputEvents = YES;
				INFOPLIST_KEY_UILaunchScreen_Generation = YES;
				INFOPLIST_KEY_UISupportedInterfaceOrientations_iPad = "UIInterfaceOrientationPortrait UIInterfaceOrientationPortraitUpsideDown UIInterfaceOrientationLandscapeLeft UIInterfaceOrientationLandscapeRight";
				INFOPLIST_KEY_UISupportedInterfaceOrientations_iPhone = "UIInterfaceOrientationPortrait UIInterfaceOrientationLandscapeLeft UIInterfaceOrientationLandscapeRight";
				IPHONEOS_DEPLOYMENT_TARGET = 15.0;
				LD_RUNPATH_SEARCH_PATHS = (
					"$(inherited)",
					"@executable_path/Frameworks",
				);
				MARKETING_VERSION = 1.0;
				PRODUCT_BUNDLE_IDENTIFIER = com.manju.anawal.com.FavDog;
				PRODUCT_NAME = "$(TARGET_NAME)";
				SWIFT_EMIT_LOC_STRINGS = YES;
				SWIFT_VERSION = 5.0;
				TARGETED_DEVICE_FAMILY = "1,2";
			};
			name = Debug;
		};
		FD5DF1572B8992C70048EE1B /* Release */ = {
			isa = XCBuildConfiguration;
			buildSettings = {
				ASSETCATALOG_COMPILER_APPICON_NAME = AppIcon;
				ASSETCATALOG_COMPILER_GLOBAL_ACCENT_COLOR_NAME = AccentColor;
				CODE_SIGN_STYLE = Automatic;
				CURRENT_PROJECT_VERSION = 1;
				DEVELOPMENT_ASSET_PATHS = "\"FavDog/Preview Content\"";
				ENABLE_PREVIEWS = YES;
				GENERATE_INFOPLIST_FILE = YES;
				INFOPLIST_KEY_UIApplicationSceneManifest_Generation = YES;
				INFOPLIST_KEY_UIApplicationSupportsIndirectInputEvents = YES;
				INFOPLIST_KEY_UILaunchScreen_Generation = YES;
				INFOPLIST_KEY_UISupportedInterfaceOrientations_iPad = "UIInterfaceOrientationPortrait UIInterfaceOrientationPortraitUpsideDown UIInterfaceOrientationLandscapeLeft UIInterfaceOrientationLandscapeRight";
				INFOPLIST_KEY_UISupportedInterfaceOrientations_iPhone = "UIInterfaceOrientationPortrait UIInterfaceOrientationLandscapeLeft UIInterfaceOrientationLandscapeRight";
				IPHONEOS_DEPLOYMENT_TARGET = 15.0;
				LD_RUNPATH_SEARCH_PATHS = (
					"$(inherited)",
					"@executable_path/Frameworks",
				);
				MARKETING_VERSION = 1.0;
				PRODUCT_BUNDLE_IDENTIFIER = com.manju.anawal.com.FavDog;
				PRODUCT_NAME = "$(TARGET_NAME)";
				SWIFT_EMIT_LOC_STRINGS = YES;
				SWIFT_VERSION = 5.0;
				TARGETED_DEVICE_FAMILY = "1,2";
			};
			name = Release;
		};
		FD5DF1592B8992C70048EE1B /* Debug */ = {
			isa = XCBuildConfiguration;
			buildSettings = {
				ALWAYS_EMBED_SWIFT_STANDARD_LIBRARIES = YES;
				BUNDLE_LOADER = "$(TEST_HOST)";
				CODE_SIGN_STYLE = Automatic;
				CURRENT_PROJECT_VERSION = 1;
				GENERATE_INFOPLIST_FILE = YES;
				IPHONEOS_DEPLOYMENT_TARGET = 17.2;
				MARKETING_VERSION = 1.0;
				PRODUCT_BUNDLE_IDENTIFIER = com.manju.anawal.com.FavDogTests;
				PRODUCT_NAME = "$(TARGET_NAME)";
				SWIFT_EMIT_LOC_STRINGS = NO;
				SWIFT_VERSION = 5.0;
				TARGETED_DEVICE_FAMILY = "1,2";
				TEST_HOST = "$(BUILT_PRODUCTS_DIR)/FavDog.app/$(BUNDLE_EXECUTABLE_FOLDER_PATH)/FavDog";
			};
			name = Debug;
		};
		FD5DF15A2B8992C70048EE1B /* Release */ = {
			isa = XCBuildConfiguration;
			buildSettings = {
				ALWAYS_EMBED_SWIFT_STANDARD_LIBRARIES = YES;
				BUNDLE_LOADER = "$(TEST_HOST)";
				CODE_SIGN_STYLE = Automatic;
				CURRENT_PROJECT_VERSION = 1;
				GENERATE_INFOPLIST_FILE = YES;
				IPHONEOS_DEPLOYMENT_TARGET = 17.2;
				MARKETING_VERSION = 1.0;
				PRODUCT_BUNDLE_IDENTIFIER = com.manju.anawal.com.FavDogTests;
				PRODUCT_NAME = "$(TARGET_NAME)";
				SWIFT_EMIT_LOC_STRINGS = NO;
				SWIFT_VERSION = 5.0;
				TARGETED_DEVICE_FAMILY = "1,2";
				TEST_HOST = "$(BUILT_PRODUCTS_DIR)/FavDog.app/$(BUNDLE_EXECUTABLE_FOLDER_PATH)/FavDog";
			};
			name = Release;
		};
/* End XCBuildConfiguration section */

/* Begin XCConfigurationList section */
		FD5DF12C2B8992C40048EE1B /* Build configuration list for PBXProject "FavDog" */ = {
			isa = XCConfigurationList;
			buildConfigurations = (
				FD5DF1532B8992C70048EE1B /* Debug */,
				FD5DF1542B8992C70048EE1B /* Release */,
			);
			defaultConfigurationIsVisible = 0;
			defaultConfigurationName = Release;
		};
		FD5DF1552B8992C70048EE1B /* Build configuration list for PBXNativeTarget "FavDog" */ = {
			isa = XCConfigurationList;
			buildConfigurations = (
				FD5DF1562B8992C70048EE1B /* Debug */,
				FD5DF1572B8992C70048EE1B /* Release */,
			);
			defaultConfigurationIsVisible = 0;
			defaultConfigurationName = Release;
		};
		FD5DF1582B8992C70048EE1B /* Build configuration list for PBXNativeTarget "FavDogTests" */ = {
			isa = XCConfigurationList;
			buildConfigurations = (
				FD5DF1592B8992C70048EE1B /* Debug */,
				FD5DF15A2B8992C70048EE1B /* Release */,
			);
			defaultConfigurationIsVisible = 0;
			defaultConfigurationName = Release;
		};
/* End XCConfigurationList section */
	};
	rootObject = FD5DF1292B8992C40048EE1B /* Project object */;
}
